{
  "name": "djmanzo-workspace",
  "version": "0.1.0",
  "lockfileVersion": 3,
  "requires": true,
  "packages": {
    "": {
      "name": "djmanzo-workspace",
      "version": "0.1.0",
      "devDependencies": {
        "tauri": "file:tools/tauri-wrapper"
      }
    },
    "node_modules/tauri": {
      "resolved": "tools/tauri-wrapper",
      "link": true
    },
    "tools/tauri-wrapper": {
      "name": "tauri",
      "version": "0.0.0-djmanzo-wrapper",
      "dev": true,
      "bin": {
        "tauri": "bin/tauri.mjs"
      }
    }
  }
}
